
Microsoft Visual Studio Solution File, Format Version 12.00
# Visual Studio Version 17
VisualStudioVersion = 17.7.34202.233
MinimumVisualStudioVersion = 10.0.40219.1
Project("{FAE04EC0-301F-11D3-BF4B-00C04F79EFBC}") = "AdventOfCode2023", "AdventOfCode2023\AdventOfCode2023.csproj", "{7814D675-7ECB-49FF-87A3-982E118326C9}"
EndProject
Global
	GlobalSection(SolutionConfigurationPlatforms) = preSolution
		Debug|Any CPU = Debug|Any CPU
		Release|Any CPU = Release|Any CPU
	EndGlobalSection
	GlobalSection(ProjectConfigurationPlatforms) = postSolution
		{7814D675-7ECB-49FF-87A3-982E118326C9}.Debug|Any CPU.ActiveCfg = Debug|Any CPU
		{7814D675-7ECB-49FF-87A3-982E118326C9}.Debug|Any CPU.Build.0 = Debug|Any CPU
		{7814D675-7ECB-49FF-87A3-982E118326C9}.Release|Any CPU.ActiveCfg = Release|Any CPU
		{7814D675-7ECB-49FF-87A3-982E118326C9}.Release|Any CPU.Build.0 = Release|Any CPU
	EndGlobalSection
	GlobalSection(SolutionProperties) = preSolution
		HideSolutionNode = FALSE
	EndGlobalSection
	GlobalSection(ExtensibilityGlobals) = postSolution
		SolutionGuid = {16A4A2C3-5027-48E0-A19F-508BB27AFEF9}
	EndGlobalSection
EndGlobal
